
Microsoft Visual Studio Solution File, Format Version 12.00
# Visual Studio 15
VisualStudioVersion = 15.0.27004.2009
MinimumVisualStudioVersion = 10.0.40219.1
Project("{CC5FD16D-436D-48AD-A40C-5A424C6E3E79}") = "Customer.Web.Api.Azure", "Customer.Web.Api.Azure\Customer.Web.Api.Azure.ccproj", "{D091A155-A306-4797-8F3D-37D2EE9179F9}"
EndProject
Project("{FAE04EC0-301F-11D3-BF4B-00C04F79EFBC}") = "Customer.Web.Api", "Customer.Web.Api\Customer.Web.Api.csproj", "{D5E7989C-34D9-417A-AEEC-0EF0F1CB799B}"
EndProject
Project("{FAE04EC0-301F-11D3-BF4B-00C04F79EFBC}") = "Customer.Web.Api.UnitTests", "Customer.Web.Api.UnitTests\Customer.Web.Api.UnitTests.csproj", "{54D0704D-C3CA-44BF-AD38-CD7C749D06BF}"
EndProject
Project("{FAE04EC0-301F-11D3-BF4B-00C04F79EFBC}") = "Customer.Web.Api.AcceptanceTests", "Customer.Web.Api.AcceptanceTests\Customer.Web.Api.AcceptanceTests.csproj", "{B3C8DA83-4EB2-475C-BD0F-74F8769F9E09}"
EndProject
Global
	GlobalSection(SolutionConfigurationPlatforms) = preSolution
		Debug|Any CPU = Debug|Any CPU
		Release|Any CPU = Release|Any CPU
	EndGlobalSection
	GlobalSection(ProjectConfigurationPlatforms) = postSolution
		{D091A155-A306-4797-8F3D-37D2EE9179F9}.Debug|Any CPU.ActiveCfg = Debug|Any CPU
		{D091A155-A306-4797-8F3D-37D2EE9179F9}.Debug|Any CPU.Build.0 = Debug|Any CPU
		{D091A155-A306-4797-8F3D-37D2EE9179F9}.Release|Any CPU.ActiveCfg = Release|Any CPU
		{D091A155-A306-4797-8F3D-37D2EE9179F9}.Release|Any CPU.Build.0 = Release|Any CPU
		{D5E7989C-34D9-417A-AEEC-0EF0F1CB799B}.Debug|Any CPU.ActiveCfg = Debug|Any CPU
		{D5E7989C-34D9-417A-AEEC-0EF0F1CB799B}.Debug|Any CPU.Build.0 = Debug|Any CPU
		{D5E7989C-34D9-417A-AEEC-0EF0F1CB799B}.Release|Any CPU.ActiveCfg = Release|Any CPU
		{D5E7989C-34D9-417A-AEEC-0EF0F1CB799B}.Release|Any CPU.Build.0 = Release|Any CPU
		{54D0704D-C3CA-44BF-AD38-CD7C749D06BF}.Debug|Any CPU.ActiveCfg = Debug|Any CPU
		{54D0704D-C3CA-44BF-AD38-CD7C749D06BF}.Debug|Any CPU.Build.0 = Debug|Any CPU
		{54D0704D-C3CA-44BF-AD38-CD7C749D06BF}.Release|Any CPU.ActiveCfg = Release|Any CPU
		{54D0704D-C3CA-44BF-AD38-CD7C749D06BF}.Release|Any CPU.Build.0 = Release|Any CPU
		{B3C8DA83-4EB2-475C-BD0F-74F8769F9E09}.Debug|Any CPU.ActiveCfg = Debug|Any CPU
		{B3C8DA83-4EB2-475C-BD0F-74F8769F9E09}.Debug|Any CPU.Build.0 = Debug|Any CPU
		{B3C8DA83-4EB2-475C-BD0F-74F8769F9E09}.Release|Any CPU.ActiveCfg = Release|Any CPU
		{B3C8DA83-4EB2-475C-BD0F-74F8769F9E09}.Release|Any CPU.Build.0 = Release|Any CPU
	EndGlobalSection
	GlobalSection(SolutionProperties) = preSolution
		HideSolutionNode = FALSE
	EndGlobalSection
	GlobalSection(ExtensibilityGlobals) = postSolution
		SolutionGuid = {D1A81144-61B7-4B53-991F-9D994F2A1075}
	EndGlobalSection
EndGlobal
